// !$*UTF8*$!
{
	archiveVersion = 1;
	classes = {
	};
	objectVersion = 51;
	objects = {

/* Begin PBXBuildFile section */
		B77FBC90471E437AF02A56CC /* Pods_ios_theater.framework in Frameworks */ = {isa = PBXBuildFile; fileRef = 138C0A9E5351E7A985DF3712 /* Pods_ios_theater.framework */; };
		F80D8C0A23D7E75F00A06B34 /* CommentCell.swift in Sources */ = {isa = PBXBuildFile; fileRef = F80D8C0923D7E75F00A06B34 /* CommentCell.swift */; };
		F80D8C0B23D7E75F00A06B34 /* CommentCell.swift in Sources */ = {isa = PBXBuildFile; fileRef = F80D8C0923D7E75F00A06B34 /* CommentCell.swift */; };
		F80D8C0D23D7E77200A06B34 /* CommentCell.xib in Resources */ = {isa = PBXBuildFile; fileRef = F80D8C0C23D7E77200A06B34 /* CommentCell.xib */; };
		F80D8C0E23D7E77200A06B34 /* CommentCell.xib in Resources */ = {isa = PBXBuildFile; fileRef = F80D8C0C23D7E77200A06B34 /* CommentCell.xib */; };
		F81FECA823CEA5030000E3E9 /* CastCollectionViewDelegate.swift in Sources */ = {isa = PBXBuildFile; fileRef = F81FECA723CEA5030000E3E9 /* CastCollectionViewDelegate.swift */; };
		F82BA3A423AA1CCE0016F0F6 /* BannerCell.swift in Sources */ = {isa = PBXBuildFile; fileRef = F82BA3A323AA1CCE0016F0F6 /* BannerCell.swift */; };
		F82BA3B223B0BB0F0016F0F6 /* NetworkClient.swift in Sources */ = {isa = PBXBuildFile; fileRef = F82BA3B123B0BB0F0016F0F6 /* NetworkClient.swift */; };
		F82BA3B423B0C0EB0016F0F6 /* MoviesViewModel.swift in Sources */ = {isa = PBXBuildFile; fileRef = F82BA3B323B0C0EB0016F0F6 /* MoviesViewModel.swift */; };
		F82BA3B823B0C42F0016F0F6 /* Movies.swift in Sources */ = {isa = PBXBuildFile; fileRef = F82BA3B723B0C42F0016F0F6 /* Movies.swift */; };
		F82BA3BA23B0C54A0016F0F6 /* Rating.swift in Sources */ = {isa = PBXBuildFile; fileRef = F82BA3B923B0C54A0016F0F6 /* Rating.swift */; };
		F82BA3BE23B1E6B90016F0F6 /* MovieCollectionCell.swift in Sources */ = {isa = PBXBuildFile; fileRef = F82BA3BD23B1E6B90016F0F6 /* MovieCollectionCell.swift */; };
		F82BA3C023B1E6CD0016F0F6 /* MovieCollectionCell.xib in Resources */ = {isa = PBXBuildFile; fileRef = F82BA3BF23B1E6CD0016F0F6 /* MovieCollectionCell.xib */; };
		F82BA3C623B1FAC40016F0F6 /* UIImageView+Networking.swift in Sources */ = {isa = PBXBuildFile; fileRef = F82BA3C523B1FAC40016F0F6 /* UIImageView+Networking.swift */; };
		F82BA3C823B3421E0016F0F6 /* UILabel+RatingStars.swift in Sources */ = {isa = PBXBuildFile; fileRef = F82BA3C723B3421E0016F0F6 /* UILabel+RatingStars.swift */; };
		F82BA3D023B5AE1E0016F0F6 /* BannerCollectionViewDatasourse.swift in Sources */ = {isa = PBXBuildFile; fileRef = F82BA3CF23B5AE1E0016F0F6 /* BannerCollectionViewDatasourse.swift */; };
		F82BA3D223B5B0820016F0F6 /* BannerCollectionViewDelegate.swift in Sources */ = {isa = PBXBuildFile; fileRef = F82BA3D123B5B0820016F0F6 /* BannerCollectionViewDelegate.swift */; };
		F82BA3D423B5D0610016F0F6 /* HomePageViewControllerDelegate.swift in Sources */ = {isa = PBXBuildFile; fileRef = F82BA3D323B5D0610016F0F6 /* HomePageViewControllerDelegate.swift */; };
		F82BA3D623B5D4AD0016F0F6 /* HotMoviesCollectionViewDatasourse.swift in Sources */ = {isa = PBXBuildFile; fileRef = F82BA3D523B5D4AD0016F0F6 /* HotMoviesCollectionViewDatasourse.swift */; };
		F82BA3D823B5D78D0016F0F6 /* HotMoviesCollectionViewDelegate.swift in Sources */ = {isa = PBXBuildFile; fileRef = F82BA3D723B5D78D0016F0F6 /* HotMoviesCollectionViewDelegate.swift */; };
		F82BA3DC23B5F95D0016F0F6 /* HotMoviesViewController.swift in Sources */ = {isa = PBXBuildFile; fileRef = F82BA3DB23B5F95D0016F0F6 /* HotMoviesViewController.swift */; };
		F82BA3DE23B5FDEE0016F0F6 /* MovieTableCell.swift in Sources */ = {isa = PBXBuildFile; fileRef = F82BA3DD23B5FDEE0016F0F6 /* MovieTableCell.swift */; };
		F82BA3E023B5FE180016F0F6 /* MovieTableCell.xib in Resources */ = {isa = PBXBuildFile; fileRef = F82BA3DF23B5FE180016F0F6 /* MovieTableCell.xib */; };
		F834B8BC23A8533300DA85D2 /* AppDelegate.swift in Sources */ = {isa = PBXBuildFile; fileRef = F834B8BB23A8533300DA85D2 /* AppDelegate.swift */; };
		F834B8BE23A8533300DA85D2 /* SceneDelegate.swift in Sources */ = {isa = PBXBuildFile; fileRef = F834B8BD23A8533300DA85D2 /* SceneDelegate.swift */; };
		F834B8C023A8533300DA85D2 /* HomePageViewController.swift in Sources */ = {isa = PBXBuildFile; fileRef = F834B8BF23A8533300DA85D2 /* HomePageViewController.swift */; };
		F834B8C323A8533300DA85D2 /* Main.storyboard in Resources */ = {isa = PBXBuildFile; fileRef = F834B8C123A8533300DA85D2 /* Main.storyboard */; };
		F834B8C523A8533700DA85D2 /* Assets.xcassets in Resources */ = {isa = PBXBuildFile; fileRef = F834B8C423A8533700DA85D2 /* Assets.xcassets */; };
		F834B8C823A8533700DA85D2 /* LaunchScreen.storyboard in Resources */ = {isa = PBXBuildFile; fileRef = F834B8C623A8533700DA85D2 /* LaunchScreen.storyboard */; };
		F87771DE23B9D666003FC138 /* HotMoviesFooter.swift in Sources */ = {isa = PBXBuildFile; fileRef = F87771DD23B9D666003FC138 /* HotMoviesFooter.swift */; };
		F87771E023B9DA86003FC138 /* HotMoviesFooter.xib in Resources */ = {isa = PBXBuildFile; fileRef = F87771DF23B9DA86003FC138 /* HotMoviesFooter.xib */; };
		F87771E323B9FAAB003FC138 /* Localizable.strings in Resources */ = {isa = PBXBuildFile; fileRef = F87771E523B9FAAB003FC138 /* Localizable.strings */; };
		F87771E923BAF545003FC138 /* MovieDetailsViewController.swift in Sources */ = {isa = PBXBuildFile; fileRef = F87771E823BAF545003FC138 /* MovieDetailsViewController.swift */; };
		F87771EB23BB223F003FC138 /* MovieDetailsViewModel.swift in Sources */ = {isa = PBXBuildFile; fileRef = F87771EA23BB223F003FC138 /* MovieDetailsViewModel.swift */; };
		F87771ED23BDC1D0003FC138 /* MovieInfoViewController.swift in Sources */ = {isa = PBXBuildFile; fileRef = F87771EC23BDC1D0003FC138 /* MovieInfoViewController.swift */; };
		F87771F323BDEBE9003FC138 /* MovieInfoCell.swift in Sources */ = {isa = PBXBuildFile; fileRef = F87771F223BDEBE9003FC138 /* MovieInfoCell.swift */; };
		F87771F423BF280C003FC138 /* MovieInfoHeader.xib in Resources */ = {isa = PBXBuildFile; fileRef = F87771F623BF280C003FC138 /* MovieInfoHeader.xib */; };
		F877720123C46F27003FC138 /* RatingView.m in Sources */ = {isa = PBXBuildFile; fileRef = F877720023C46F27003FC138 /* RatingView.m */; };
		F8DFB56C23D1C1550088E5C0 /* MovieDetailsViewController.swift in Sources */ = {isa = PBXBuildFile; fileRef = F87771E823BAF545003FC138 /* MovieDetailsViewController.swift */; };
		F8DFB56D23D1C1550088E5C0 /* CastCell.swift in Sources */ = {isa = PBXBuildFile; fileRef = F8ED99E223CD9571000B0041 /* CastCell.swift */; };
		F8DFB56E23D1C1550088E5C0 /* HotMoviesCollectionViewDelegate.swift in Sources */ = {isa = PBXBuildFile; fileRef = F82BA3D723B5D78D0016F0F6 /* HotMoviesCollectionViewDelegate.swift */; };
		F8DFB56F23D1C1550088E5C0 /* HomePageViewController.swift in Sources */ = {isa = PBXBuildFile; fileRef = F834B8BF23A8533300DA85D2 /* HomePageViewController.swift */; };
		F8DFB57023D1C1550088E5C0 /* HotMoviesViewController.swift in Sources */ = {isa = PBXBuildFile; fileRef = F82BA3DB23B5F95D0016F0F6 /* HotMoviesViewController.swift */; };
		F8DFB57123D1C1550088E5C0 /* Movies.swift in Sources */ = {isa = PBXBuildFile; fileRef = F82BA3B723B0C42F0016F0F6 /* Movies.swift */; };
		F8DFB57223D1C1550088E5C0 /* HotMoviesFooter.swift in Sources */ = {isa = PBXBuildFile; fileRef = F87771DD23B9D666003FC138 /* HotMoviesFooter.swift */; };
		F8DFB57323D1C1550088E5C0 /* MovieInfoViewController.swift in Sources */ = {isa = PBXBuildFile; fileRef = F87771EC23BDC1D0003FC138 /* MovieInfoViewController.swift */; };
		F8DFB57423D1C1550088E5C0 /* MoviesViewModel.swift in Sources */ = {isa = PBXBuildFile; fileRef = F82BA3B323B0C0EB0016F0F6 /* MoviesViewModel.swift */; };
		F8DFB57523D1C1550088E5C0 /* MovieTableCell.swift in Sources */ = {isa = PBXBuildFile; fileRef = F82BA3DD23B5FDEE0016F0F6 /* MovieTableCell.swift */; };
		F8DFB57623D1C1550088E5C0 /* HomePageViewControllerDelegate.swift in Sources */ = {isa = PBXBuildFile; fileRef = F82BA3D323B5D0610016F0F6 /* HomePageViewControllerDelegate.swift */; };
		F8DFB57723D1C1550088E5C0 /* MovieCollectionCell.swift in Sources */ = {isa = PBXBuildFile; fileRef = F82BA3BD23B1E6B90016F0F6 /* MovieCollectionCell.swift */; };
		F8DFB57823D1C1550088E5C0 /* NetworkClient.swift in Sources */ = {isa = PBXBuildFile; fileRef = F82BA3B123B0BB0F0016F0F6 /* NetworkClient.swift */; };
		F8DFB57923D1C1550088E5C0 /* UILabel+RatingStars.swift in Sources */ = {isa = PBXBuildFile; fileRef = F82BA3C723B3421E0016F0F6 /* UILabel+RatingStars.swift */; };
		F8DFB57A23D1C1550088E5C0 /* BannerCell.swift in Sources */ = {isa = PBXBuildFile; fileRef = F82BA3A323AA1CCE0016F0F6 /* BannerCell.swift */; };
		F8DFB57B23D1C1550088E5C0 /* MovieInfoCell.swift in Sources */ = {isa = PBXBuildFile; fileRef = F87771F223BDEBE9003FC138 /* MovieInfoCell.swift */; };
		F8DFB57C23D1C1550088E5C0 /* RatingView.m in Sources */ = {isa = PBXBuildFile; fileRef = F877720023C46F27003FC138 /* RatingView.m */; };
		F8DFB57D23D1C1550088E5C0 /* IntroduceLabel.swift in Sources */ = {isa = PBXBuildFile; fileRef = F8ED99E023CC16C8000B0041 /* IntroduceLabel.swift */; };
		F8DFB57E23D1C1550088E5C0 /* CastCollectionViewDatasourse.swift in Sources */ = {isa = PBXBuildFile; fileRef = F8ED99E423CD9BE6000B0041 /* CastCollectionViewDatasourse.swift */; };
		F8DFB57F23D1C1550088E5C0 /* UIImageView+Networking.swift in Sources */ = {isa = PBXBuildFile; fileRef = F82BA3C523B1FAC40016F0F6 /* UIImageView+Networking.swift */; };
		F8DFB58023D1C1550088E5C0 /* MovieDetailsViewModel.swift in Sources */ = {isa = PBXBuildFile; fileRef = F87771EA23BB223F003FC138 /* MovieDetailsViewModel.swift */; };
		F8DFB58123D1C1550088E5C0 /* Rating.swift in Sources */ = {isa = PBXBuildFile; fileRef = F82BA3B923B0C54A0016F0F6 /* Rating.swift */; };
		F8DFB58223D1C1550088E5C0 /* HotMoviesCollectionViewDatasourse.swift in Sources */ = {isa = PBXBuildFile; fileRef = F82BA3D523B5D4AD0016F0F6 /* HotMoviesCollectionViewDatasourse.swift */; };
		F8DFB58323D1C1550088E5C0 /* AppDelegate.swift in Sources */ = {isa = PBXBuildFile; fileRef = F834B8BB23A8533300DA85D2 /* AppDelegate.swift */; };
		F8DFB58423D1C1550088E5C0 /* SceneDelegate.swift in Sources */ = {isa = PBXBuildFile; fileRef = F834B8BD23A8533300DA85D2 /* SceneDelegate.swift */; };
		F8DFB58523D1C1550088E5C0 /* BannerCollectionViewDelegate.swift in Sources */ = {isa = PBXBuildFile; fileRef = F82BA3D123B5B0820016F0F6 /* BannerCollectionViewDelegate.swift */; };
		F8DFB58623D1C1550088E5C0 /* CastCollectionViewDelegate.swift in Sources */ = {isa = PBXBuildFile; fileRef = F81FECA723CEA5030000E3E9 /* CastCollectionViewDelegate.swift */; };
		F8DFB58723D1C1550088E5C0 /* String+LinesArray.swift in Sources */ = {isa = PBXBuildFile; fileRef = F8ED99DE23C81D0D000B0041 /* String+LinesArray.swift */; };
		F8DFB58823D1C1550088E5C0 /* BannerCollectionViewDatasourse.swift in Sources */ = {isa = PBXBuildFile; fileRef = F82BA3CF23B5AE1E0016F0F6 /* BannerCollectionViewDatasourse.swift */; };
		F8DFB58A23D1C1550088E5C0 /* Pods_ios_theater.framework in Frameworks */ = {isa = PBXBuildFile; fileRef = 138C0A9E5351E7A985DF3712 /* Pods_ios_theater.framework */; };
		F8DFB58C23D1C1550088E5C0 /* MovieTableCell.xib in Resources */ = {isa = PBXBuildFile; fileRef = F82BA3DF23B5FE180016F0F6 /* MovieTableCell.xib */; };
		F8DFB58D23D1C1550088E5C0 /* MovieInfoHeader.xib in Resources */ = {isa = PBXBuildFile; fileRef = F87771F623BF280C003FC138 /* MovieInfoHeader.xib */; };
		F8DFB58E23D1C1550088E5C0 /* HotMoviesFooter.xib in Resources */ = {isa = PBXBuildFile; fileRef = F87771DF23B9DA86003FC138 /* HotMoviesFooter.xib */; };
		F8DFB58F23D1C1550088E5C0 /* MovieCollectionCell.xib in Resources */ = {isa = PBXBuildFile; fileRef = F82BA3BF23B1E6CD0016F0F6 /* MovieCollectionCell.xib */; };
		F8DFB59023D1C1550088E5C0 /* Localizable.strings in Resources */ = {isa = PBXBuildFile; fileRef = F87771E523B9FAAB003FC138 /* Localizable.strings */; };
		F8DFB59123D1C1550088E5C0 /* LaunchScreen.storyboard in Resources */ = {isa = PBXBuildFile; fileRef = F834B8C623A8533700DA85D2 /* LaunchScreen.storyboard */; };
		F8DFB59223D1C1550088E5C0 /* Assets.xcassets in Resources */ = {isa = PBXBuildFile; fileRef = F834B8C423A8533700DA85D2 /* Assets.xcassets */; };
		F8DFB59323D1C1550088E5C0 /* Main.storyboard in Resources */ = {isa = PBXBuildFile; fileRef = F834B8C123A8533300DA85D2 /* Main.storyboard */; };
		F8DFBBE023D8433F0009812C /* CommentTableViewDatasourse.swift in Sources */ = {isa = PBXBuildFile; fileRef = F8DFBBDF23D8433F0009812C /* CommentTableViewDatasourse.swift */; };
		F8DFBBE323D8449D0009812C /* CommentTableViewDatasourse.swift in Sources */ = {isa = PBXBuildFile; fileRef = F8DFBBDF23D8433F0009812C /* CommentTableViewDatasourse.swift */; };
		F8DFBBE623D84C920009812C /* String+Height.swift in Sources */ = {isa = PBXBuildFile; fileRef = F8DFBBE523D84C920009812C /* String+Height.swift */; };
		F8DFBBE723D84C960009812C /* String+Height.swift in Sources */ = {isa = PBXBuildFile; fileRef = F8DFBBE523D84C920009812C /* String+Height.swift */; };
		F8ED99DF23C81D0D000B0041 /* String+LinesArray.swift in Sources */ = {isa = PBXBuildFile; fileRef = F8ED99DE23C81D0D000B0041 /* String+LinesArray.swift */; };
		F8ED99E123CC16C8000B0041 /* IntroduceLabel.swift in Sources */ = {isa = PBXBuildFile; fileRef = F8ED99E023CC16C8000B0041 /* IntroduceLabel.swift */; };
		F8ED99E323CD9571000B0041 /* CastCell.swift in Sources */ = {isa = PBXBuildFile; fileRef = F8ED99E223CD9571000B0041 /* CastCell.swift */; };
		F8ED99E523CD9BE6000B0041 /* CastCollectionViewDatasourse.swift in Sources */ = {isa = PBXBuildFile; fileRef = F8ED99E423CD9BE6000B0041 /* CastCollectionViewDatasourse.swift */; };
/* End PBXBuildFile section */

/* Begin PBXFileReference section */
		052243F56C7D6A5E4ED9BCCD /* Pods-ios-theater.release.xcconfig */ = {isa = PBXFileReference; includeInIndex = 1; lastKnownFileType = text.xcconfig; name = "Pods-ios-theater.release.xcconfig"; path = "Target Support Files/Pods-ios-theater/Pods-ios-theater.release.xcconfig"; sourceTree = "<group>"; };
		138C0A9E5351E7A985DF3712 /* Pods_ios_theater.framework */ = {isa = PBXFileReference; explicitFileType = wrapper.framework; includeInIndex = 0; path = Pods_ios_theater.framework; sourceTree = BUILT_PRODUCTS_DIR; };
		7F359972AD4DFC5825FBAE5B /* Pods-ios-theater.debug.xcconfig */ = {isa = PBXFileReference; includeInIndex = 1; lastKnownFileType = text.xcconfig; name = "Pods-ios-theater.debug.xcconfig"; path = "Target Support Files/Pods-ios-theater/Pods-ios-theater.debug.xcconfig"; sourceTree = "<group>"; };
		F80D8C0923D7E75F00A06B34 /* CommentCell.swift */ = {isa = PBXFileReference; lastKnownFileType = sourcecode.swift; path = CommentCell.swift; sourceTree = "<group>"; };
		F80D8C0C23D7E77200A06B34 /* CommentCell.xib */ = {isa = PBXFileReference; lastKnownFileType = file.xib; path = CommentCell.xib; sourceTree = "<group>"; };
		F81FECA723CEA5030000E3E9 /* CastCollectionViewDelegate.swift */ = {isa = PBXFileReference; lastKnownFileType = sourcecode.swift; path = CastCollectionViewDelegate.swift; sourceTree = "<group>"; };
		F82BA3A323AA1CCE0016F0F6 /* BannerCell.swift */ = {isa = PBXFileReference; lastKnownFileType = sourcecode.swift; path = BannerCell.swift; sourceTree = "<group>"; };
		F82BA3B123B0BB0F0016F0F6 /* NetworkClient.swift */ = {isa = PBXFileReference; lastKnownFileType = sourcecode.swift; path = NetworkClient.swift; sourceTree = "<group>"; };
		F82BA3B323B0C0EB0016F0F6 /* MoviesViewModel.swift */ = {isa = PBXFileReference; lastKnownFileType = sourcecode.swift; path = MoviesViewModel.swift; sourceTree = "<group>"; };
		F82BA3B723B0C42F0016F0F6 /* Movies.swift */ = {isa = PBXFileReference; lastKnownFileType = sourcecode.swift; path = Movies.swift; sourceTree = "<group>"; };
		F82BA3B923B0C54A0016F0F6 /* Rating.swift */ = {isa = PBXFileReference; lastKnownFileType = sourcecode.swift; path = Rating.swift; sourceTree = "<group>"; };
		F82BA3BD23B1E6B90016F0F6 /* MovieCollectionCell.swift */ = {isa = PBXFileReference; lastKnownFileType = sourcecode.swift; path = MovieCollectionCell.swift; sourceTree = "<group>"; };
		F82BA3BF23B1E6CD0016F0F6 /* MovieCollectionCell.xib */ = {isa = PBXFileReference; lastKnownFileType = file.xib; path = MovieCollectionCell.xib; sourceTree = "<group>"; };
		F82BA3C523B1FAC40016F0F6 /* UIImageView+Networking.swift */ = {isa = PBXFileReference; lastKnownFileType = sourcecode.swift; path = "UIImageView+Networking.swift"; sourceTree = "<group>"; };
		F82BA3C723B3421E0016F0F6 /* UILabel+RatingStars.swift */ = {isa = PBXFileReference; lastKnownFileType = sourcecode.swift; path = "UILabel+RatingStars.swift"; sourceTree = "<group>"; };
		F82BA3CB23B48CFA0016F0F6 /* zh-Hans */ = {isa = PBXFileReference; lastKnownFileType = text.plist.strings; name = "zh-Hans"; path = "zh-Hans.lproj/Main.strings"; sourceTree = "<group>"; };
		F82BA3CE23B491F60016F0F6 /* en */ = {isa = PBXFileReference; lastKnownFileType = text.plist.strings; name = en; path = en.lproj/Main.strings; sourceTree = "<group>"; };
		F82BA3CF23B5AE1E0016F0F6 /* BannerCollectionViewDatasourse.swift */ = {isa = PBXFileReference; lastKnownFileType = sourcecode.swift; path = BannerCollectionViewDatasourse.swift; sourceTree = "<group>"; };
		F82BA3D123B5B0820016F0F6 /* BannerCollectionViewDelegate.swift */ = {isa = PBXFileReference; lastKnownFileType = sourcecode.swift; path = BannerCollectionViewDelegate.swift; sourceTree = "<group>"; };
		F82BA3D323B5D0610016F0F6 /* HomePageViewControllerDelegate.swift */ = {isa = PBXFileReference; lastKnownFileType = sourcecode.swift; path = HomePageViewControllerDelegate.swift; sourceTree = "<group>"; };
		F82BA3D523B5D4AD0016F0F6 /* HotMoviesCollectionViewDatasourse.swift */ = {isa = PBXFileReference; lastKnownFileType = sourcecode.swift; path = HotMoviesCollectionViewDatasourse.swift; sourceTree = "<group>"; };
		F82BA3D723B5D78D0016F0F6 /* HotMoviesCollectionViewDelegate.swift */ = {isa = PBXFileReference; lastKnownFileType = sourcecode.swift; path = HotMoviesCollectionViewDelegate.swift; sourceTree = "<group>"; };
		F82BA3DB23B5F95D0016F0F6 /* HotMoviesViewController.swift */ = {isa = PBXFileReference; lastKnownFileType = sourcecode.swift; path = HotMoviesViewController.swift; sourceTree = "<group>"; };
		F82BA3DD23B5FDEE0016F0F6 /* MovieTableCell.swift */ = {isa = PBXFileReference; lastKnownFileType = sourcecode.swift; path = MovieTableCell.swift; sourceTree = "<group>"; };
		F82BA3DF23B5FE180016F0F6 /* MovieTableCell.xib */ = {isa = PBXFileReference; lastKnownFileType = file.xib; path = MovieTableCell.xib; sourceTree = "<group>"; };
		F834B8B823A8533300DA85D2 /* ios-theater.app */ = {isa = PBXFileReference; explicitFileType = wrapper.application; includeInIndex = 0; path = "ios-theater.app"; sourceTree = BUILT_PRODUCTS_DIR; };
		F834B8BB23A8533300DA85D2 /* AppDelegate.swift */ = {isa = PBXFileReference; lastKnownFileType = sourcecode.swift; path = AppDelegate.swift; sourceTree = "<group>"; };
		F834B8BD23A8533300DA85D2 /* SceneDelegate.swift */ = {isa = PBXFileReference; lastKnownFileType = sourcecode.swift; path = SceneDelegate.swift; sourceTree = "<group>"; };
		F834B8BF23A8533300DA85D2 /* HomePageViewController.swift */ = {isa = PBXFileReference; lastKnownFileType = sourcecode.swift; path = HomePageViewController.swift; sourceTree = "<group>"; };
		F834B8C223A8533300DA85D2 /* Base */ = {isa = PBXFileReference; lastKnownFileType = file.storyboard; name = Base; path = Base.lproj/Main.storyboard; sourceTree = "<group>"; };
		F834B8C423A8533700DA85D2 /* Assets.xcassets */ = {isa = PBXFileReference; lastKnownFileType = folder.assetcatalog; path = Assets.xcassets; sourceTree = "<group>"; };
		F834B8C723A8533700DA85D2 /* Base */ = {isa = PBXFileReference; lastKnownFileType = file.storyboard; name = Base; path = Base.lproj/LaunchScreen.storyboard; sourceTree = "<group>"; };
		F834B8C923A8533700DA85D2 /* Info.plist */ = {isa = PBXFileReference; lastKnownFileType = text.plist.xml; path = Info.plist; sourceTree = "<group>"; };
		F87771DD23B9D666003FC138 /* HotMoviesFooter.swift */ = {isa = PBXFileReference; lastKnownFileType = sourcecode.swift; path = HotMoviesFooter.swift; sourceTree = "<group>"; };
		F87771DF23B9DA86003FC138 /* HotMoviesFooter.xib */ = {isa = PBXFileReference; fileEncoding = 4; lastKnownFileType = file.xib; path = HotMoviesFooter.xib; sourceTree = "<group>"; };
		F87771E423B9FAAB003FC138 /* en */ = {isa = PBXFileReference; lastKnownFileType = text.plist.strings; name = en; path = en.lproj/Localizable.strings; sourceTree = "<group>"; };
		F87771E623B9FAB0003FC138 /* zh-Hans */ = {isa = PBXFileReference; lastKnownFileType = text.plist.strings; name = "zh-Hans"; path = "zh-Hans.lproj/Localizable.strings"; sourceTree = "<group>"; };
		F87771E823BAF545003FC138 /* MovieDetailsViewController.swift */ = {isa = PBXFileReference; lastKnownFileType = sourcecode.swift; path = MovieDetailsViewController.swift; sourceTree = "<group>"; };
		F87771EA23BB223F003FC138 /* MovieDetailsViewModel.swift */ = {isa = PBXFileReference; lastKnownFileType = sourcecode.swift; path = MovieDetailsViewModel.swift; sourceTree = "<group>"; };
		F87771EC23BDC1D0003FC138 /* MovieInfoViewController.swift */ = {isa = PBXFileReference; lastKnownFileType = sourcecode.swift; path = MovieInfoViewController.swift; sourceTree = "<group>"; };
		F87771F223BDEBE9003FC138 /* MovieInfoCell.swift */ = {isa = PBXFileReference; lastKnownFileType = sourcecode.swift; path = MovieInfoCell.swift; sourceTree = "<group>"; };
		F87771F823BF2818003FC138 /* zh-Hans */ = {isa = PBXFileReference; lastKnownFileType = text.plist.strings; name = "zh-Hans"; path = "zh-Hans.lproj/MovieInfoHeader.strings"; sourceTree = "<group>"; };
		F87771F923BF282B003FC138 /* Base */ = {isa = PBXFileReference; lastKnownFileType = file.xib; name = Base; path = Base.lproj/MovieInfoHeader.xib; sourceTree = "<group>"; };
		F87771FA23BF285E003FC138 /* en */ = {isa = PBXFileReference; lastKnownFileType = text.plist.strings; name = en; path = en.lproj/MovieInfoHeader.strings; sourceTree = "<group>"; };
		F87771FF23C46EF9003FC138 /* ios-theater-Bridging-Header.h */ = {isa = PBXFileReference; lastKnownFileType = sourcecode.c.h; path = "ios-theater-Bridging-Header.h"; sourceTree = "<group>"; };
		F877720023C46F27003FC138 /* RatingView.m */ = {isa = PBXFileReference; fileEncoding = 4; lastKnownFileType = sourcecode.c.objc; path = RatingView.m; sourceTree = "<group>"; };
		F877720223C46F2F003FC138 /* RatingView.h */ = {isa = PBXFileReference; lastKnownFileType = sourcecode.c.h; path = RatingView.h; sourceTree = "<group>"; };
		F8DFB59823D1C1550088E5C0 /* ios-theater-internal.app */ = {isa = PBXFileReference; explicitFileType = wrapper.application; includeInIndex = 0; path = "ios-theater-internal.app"; sourceTree = BUILT_PRODUCTS_DIR; };
		F8DFBBDF23D8433F0009812C /* CommentTableViewDatasourse.swift */ = {isa = PBXFileReference; lastKnownFileType = sourcecode.swift; path = CommentTableViewDatasourse.swift; sourceTree = "<group>"; };
		F8DFBBE523D84C920009812C /* String+Height.swift */ = {isa = PBXFileReference; lastKnownFileType = sourcecode.swift; path = "String+Height.swift"; sourceTree = "<group>"; };
		F8ED99DE23C81D0D000B0041 /* String+LinesArray.swift */ = {isa = PBXFileReference; lastKnownFileType = sourcecode.swift; path = "String+LinesArray.swift"; sourceTree = "<group>"; };
		F8ED99E023CC16C8000B0041 /* IntroduceLabel.swift */ = {isa = PBXFileReference; lastKnownFileType = sourcecode.swift; path = IntroduceLabel.swift; sourceTree = "<group>"; };
		F8ED99E223CD9571000B0041 /* CastCell.swift */ = {isa = PBXFileReference; lastKnownFileType = sourcecode.swift; path = CastCell.swift; sourceTree = "<group>"; };
		F8ED99E423CD9BE6000B0041 /* CastCollectionViewDatasourse.swift */ = {isa = PBXFileReference; lastKnownFileType = sourcecode.swift; path = CastCollectionViewDatasourse.swift; sourceTree = "<group>"; };
/* End PBXFileReference section */

/* Begin PBXFrameworksBuildPhase section */
		F834B8B523A8533300DA85D2 /* Frameworks */ = {
			isa = PBXFrameworksBuildPhase;
			buildActionMask = 2147483647;
			files = (
				B77FBC90471E437AF02A56CC /* Pods_ios_theater.framework in Frameworks */,
			);
			runOnlyForDeploymentPostprocessing = 0;
		};
		F8DFB58923D1C1550088E5C0 /* Frameworks */ = {
			isa = PBXFrameworksBuildPhase;
			buildActionMask = 2147483647;
			files = (
				F8DFB58A23D1C1550088E5C0 /* Pods_ios_theater.framework in Frameworks */,
			);
			runOnlyForDeploymentPostprocessing = 0;
		};
/* End PBXFrameworksBuildPhase section */

/* Begin PBXGroup section */
		3419CB9F718944D087996CB6 /* Frameworks */ = {
			isa = PBXGroup;
			children = (
				138C0A9E5351E7A985DF3712 /* Pods_ios_theater.framework */,
			);
			name = Frameworks;
			sourceTree = "<group>";
		};
		5D367B291AD5D2AB65910B18 /* Pods */ = {
			isa = PBXGroup;
			children = (
				7F359972AD4DFC5825FBAE5B /* Pods-ios-theater.debug.xcconfig */,
				052243F56C7D6A5E4ED9BCCD /* Pods-ios-theater.release.xcconfig */,
			);
			path = Pods;
			sourceTree = "<group>";
		};
		F82BA3B023B0BAF60016F0F6 /* Utils */ = {
			isa = PBXGroup;
			children = (
				F82BA3C723B3421E0016F0F6 /* UILabel+RatingStars.swift */,
				F82BA3B123B0BB0F0016F0F6 /* NetworkClient.swift */,
				F82BA3C523B1FAC40016F0F6 /* UIImageView+Networking.swift */,
				F8ED99DE23C81D0D000B0041 /* String+LinesArray.swift */,
				F8DFBBE523D84C920009812C /* String+Height.swift */,
			);
			path = Utils;
			sourceTree = "<group>";
		};
		F82BA3D923B5DE7D0016F0F6 /* HomePage */ = {
			isa = PBXGroup;
			children = (
				F834B8BF23A8533300DA85D2 /* HomePageViewController.swift */,
				F82BA3D323B5D0610016F0F6 /* HomePageViewControllerDelegate.swift */,
				F82BA3CF23B5AE1E0016F0F6 /* BannerCollectionViewDatasourse.swift */,
				F82BA3D123B5B0820016F0F6 /* BannerCollectionViewDelegate.swift */,
				F82BA3D523B5D4AD0016F0F6 /* HotMoviesCollectionViewDatasourse.swift */,
				F82BA3D723B5D78D0016F0F6 /* HotMoviesCollectionViewDelegate.swift */,
			);
			path = HomePage;
			sourceTree = "<group>";
		};
		F82BA3DA23B5F8F40016F0F6 /* HotMoviesPage */ = {
			isa = PBXGroup;
			children = (
				F82BA3DB23B5F95D0016F0F6 /* HotMoviesViewController.swift */,
			);
			path = HotMoviesPage;
			sourceTree = "<group>";
		};
		F834B8AF23A8533300DA85D2 = {
			isa = PBXGroup;
			children = (
				F834B8BA23A8533300DA85D2 /* ios-theater */,
				F834B8B923A8533300DA85D2 /* Products */,
				5D367B291AD5D2AB65910B18 /* Pods */,
				3419CB9F718944D087996CB6 /* Frameworks */,
			);
			sourceTree = "<group>";
		};
		F834B8B923A8533300DA85D2 /* Products */ = {
			isa = PBXGroup;
			children = (
				F834B8B823A8533300DA85D2 /* ios-theater.app */,
				F8DFB59823D1C1550088E5C0 /* ios-theater-internal.app */,
			);
			name = Products;
			sourceTree = "<group>";
		};
		F834B8BA23A8533300DA85D2 /* ios-theater */ = {
			isa = PBXGroup;
			children = (
				F82BA3B023B0BAF60016F0F6 /* Utils */,
				F834B8CF23A8657B00DA85D2 /* Model */,
				F834B8D123A8659200DA85D2 /* ViewModel */,
				F834B8D223A8659B00DA85D2 /* View */,
				F834B8D023A8658600DA85D2 /* Controller */,
				F834B8BB23A8533300DA85D2 /* AppDelegate.swift */,
				F834B8BD23A8533300DA85D2 /* SceneDelegate.swift */,
				F87771FF23C46EF9003FC138 /* ios-theater-Bridging-Header.h */,
				F834B8C123A8533300DA85D2 /* Main.storyboard */,
				F834B8C423A8533700DA85D2 /* Assets.xcassets */,
				F834B8C623A8533700DA85D2 /* LaunchScreen.storyboard */,
				F87771E523B9FAAB003FC138 /* Localizable.strings */,
				F834B8C923A8533700DA85D2 /* Info.plist */,
			);
			path = "ios-theater";
			sourceTree = "<group>";
		};
		F834B8CF23A8657B00DA85D2 /* Model */ = {
			isa = PBXGroup;
			children = (
				F82BA3B723B0C42F0016F0F6 /* Movies.swift */,
				F82BA3B923B0C54A0016F0F6 /* Rating.swift */,
			);
			path = Model;
			sourceTree = "<group>";
		};
		F834B8D023A8658600DA85D2 /* Controller */ = {
			isa = PBXGroup;
			children = (
				F82BA3D923B5DE7D0016F0F6 /* HomePage */,
				F82BA3DA23B5F8F40016F0F6 /* HotMoviesPage */,
				F87771E723BAF4AA003FC138 /* MovieDetailsPage */,
			);
			path = Controller;
			sourceTree = "<group>";
		};
		F834B8D123A8659200DA85D2 /* ViewModel */ = {
			isa = PBXGroup;
			children = (
				F82BA3B323B0C0EB0016F0F6 /* MoviesViewModel.swift */,
				F87771EA23BB223F003FC138 /* MovieDetailsViewModel.swift */,
			);
			path = ViewModel;
			sourceTree = "<group>";
		};
		F834B8D223A8659B00DA85D2 /* View */ = {
			isa = PBXGroup;
			children = (
				F82BA3A323AA1CCE0016F0F6 /* BannerCell.swift */,
				F82BA3BD23B1E6B90016F0F6 /* MovieCollectionCell.swift */,
				F82BA3BF23B1E6CD0016F0F6 /* MovieCollectionCell.xib */,
				F82BA3DD23B5FDEE0016F0F6 /* MovieTableCell.swift */,
				F82BA3DF23B5FE180016F0F6 /* MovieTableCell.xib */,
				F87771DF23B9DA86003FC138 /* HotMoviesFooter.xib */,
				F87771DD23B9D666003FC138 /* HotMoviesFooter.swift */,
				F87771F623BF280C003FC138 /* MovieInfoHeader.xib */,
				F87771F223BDEBE9003FC138 /* MovieInfoCell.swift */,
				F877720223C46F2F003FC138 /* RatingView.h */,
				F877720023C46F27003FC138 /* RatingView.m */,
				F8ED99E023CC16C8000B0041 /* IntroduceLabel.swift */,
				F8ED99E223CD9571000B0041 /* CastCell.swift */,
				F80D8C0923D7E75F00A06B34 /* CommentCell.swift */,
				F80D8C0C23D7E77200A06B34 /* CommentCell.xib */,
			);
			path = View;
			sourceTree = "<group>";
		};
		F87771E723BAF4AA003FC138 /* MovieDetailsPage */ = {
			isa = PBXGroup;
			children = (
				F87771E823BAF545003FC138 /* MovieDetailsViewController.swift */,
				F87771EC23BDC1D0003FC138 /* MovieInfoViewController.swift */,
				F8ED99E423CD9BE6000B0041 /* CastCollectionViewDatasourse.swift */,
				F81FECA723CEA5030000E3E9 /* CastCollectionViewDelegate.swift */,
				F8DFBBDF23D8433F0009812C /* CommentTableViewDatasourse.swift */,
			);
			path = MovieDetailsPage;
			sourceTree = "<group>";
		};
/* End PBXGroup section */

/* Begin PBXNativeTarget section */
		F834B8B723A8533300DA85D2 /* ios-theater */ = {
			isa = PBXNativeTarget;
			buildConfigurationList = F834B8CC23A8533700DA85D2 /* Build configuration list for PBXNativeTarget "ios-theater" */;
			buildPhases = (
				48EB8C8DDDC6207A62F782AC /* [CP] Check Pods Manifest.lock */,
				F834B8B423A8533300DA85D2 /* Sources */,
				F834B8B523A8533300DA85D2 /* Frameworks */,
				F834B8B623A8533300DA85D2 /* Resources */,
				6EFB3DBD0C3D5E6E6E95BA76 /* [CP] Embed Pods Frameworks */,
			);
			buildRules = (
			);
			dependencies = (
			);
			name = "ios-theater";
			productName = "ios-theater";
			productReference = F834B8B823A8533300DA85D2 /* ios-theater.app */;
			productType = "com.apple.product-type.application";
		};
		F8DFB56923D1C1550088E5C0 /* ios-theater-internal */ = {
			isa = PBXNativeTarget;
			buildConfigurationList = F8DFB59523D1C1550088E5C0 /* Build configuration list for PBXNativeTarget "ios-theater-internal" */;
			buildPhases = (
				F8DFB56A23D1C1550088E5C0 /* [CP] Check Pods Manifest.lock */,
				F8DFB56B23D1C1550088E5C0 /* Sources */,
				F8DFB58923D1C1550088E5C0 /* Frameworks */,
				F8DFB58B23D1C1550088E5C0 /* Resources */,
				F8DFB59423D1C1550088E5C0 /* [CP] Embed Pods Frameworks */,
			);
			buildRules = (
			);
			dependencies = (
			);
			name = "ios-theater-internal";
			productName = "ios-theater";
			productReference = F8DFB59823D1C1550088E5C0 /* ios-theater-internal.app */;
			productType = "com.apple.product-type.application";
		};
/* End PBXNativeTarget section */

/* Begin PBXProject section */
		F834B8B023A8533300DA85D2 /* Project object */ = {
			isa = PBXProject;
			attributes = {
				LastSwiftUpdateCheck = 1120;
				LastUpgradeCheck = 1120;
				ORGANIZATIONNAME = "Linxiao Wei";
				TargetAttributes = {
					F834B8B723A8533300DA85D2 = {
						CreatedOnToolsVersion = 11.2.1;
						LastSwiftMigration = 1120;
					};
				};
			};
			buildConfigurationList = F834B8B323A8533300DA85D2 /* Build configuration list for PBXProject "ios-theater" */;
			compatibilityVersion = "Xcode 9.3";
			developmentRegion = en;
			hasScannedForEncodings = 0;
			knownRegions = (
				en,
				Base,
				"zh-Hans",
			);
			mainGroup = F834B8AF23A8533300DA85D2;
			productRefGroup = F834B8B923A8533300DA85D2 /* Products */;
			projectDirPath = "";
			projectRoot = "";
			targets = (
				F834B8B723A8533300DA85D2 /* ios-theater */,
				F8DFB56923D1C1550088E5C0 /* ios-theater-internal */,
			);
		};
/* End PBXProject section */

/* Begin PBXResourcesBuildPhase section */
		F834B8B623A8533300DA85D2 /* Resources */ = {
			isa = PBXResourcesBuildPhase;
			buildActionMask = 2147483647;
			files = (
				F82BA3E023B5FE180016F0F6 /* MovieTableCell.xib in Resources */,
				F87771F423BF280C003FC138 /* MovieInfoHeader.xib in Resources */,
				F87771E023B9DA86003FC138 /* HotMoviesFooter.xib in Resources */,
				F82BA3C023B1E6CD0016F0F6 /* MovieCollectionCell.xib in Resources */,
				F87771E323B9FAAB003FC138 /* Localizable.strings in Resources */,
				F834B8C823A8533700DA85D2 /* LaunchScreen.storyboard in Resources */,
				F80D8C0D23D7E77200A06B34 /* CommentCell.xib in Resources */,
				F834B8C523A8533700DA85D2 /* Assets.xcassets in Resources */,
				F834B8C323A8533300DA85D2 /* Main.storyboard in Resources */,
			);
			runOnlyForDeploymentPostprocessing = 0;
		};
		F8DFB58B23D1C1550088E5C0 /* Resources */ = {
			isa = PBXResourcesBuildPhase;
			buildActionMask = 2147483647;
			files = (
				F8DFB58C23D1C1550088E5C0 /* MovieTableCell.xib in Resources */,
				F8DFB58D23D1C1550088E5C0 /* MovieInfoHeader.xib in Resources */,
				F8DFB58E23D1C1550088E5C0 /* HotMoviesFooter.xib in Resources */,
				F8DFB58F23D1C1550088E5C0 /* MovieCollectionCell.xib in Resources */,
				F8DFB59023D1C1550088E5C0 /* Localizable.strings in Resources */,
				F8DFB59123D1C1550088E5C0 /* LaunchScreen.storyboard in Resources */,
				F80D8C0E23D7E77200A06B34 /* CommentCell.xib in Resources */,
				F8DFB59223D1C1550088E5C0 /* Assets.xcassets in Resources */,
				F8DFB59323D1C1550088E5C0 /* Main.storyboard in Resources */,
			);
			runOnlyForDeploymentPostprocessing = 0;
		};
/* End PBXResourcesBuildPhase section */

/* Begin PBXShellScriptBuildPhase section */
		48EB8C8DDDC6207A62F782AC /* [CP] Check Pods Manifest.lock */ = {
			isa = PBXShellScriptBuildPhase;
			buildActionMask = 2147483647;
			files = (
			);
			inputFileListPaths = (
			);
			inputPaths = (
				"${PODS_PODFILE_DIR_PATH}/Podfile.lock",
				"${PODS_ROOT}/Manifest.lock",
			);
			name = "[CP] Check Pods Manifest.lock";
			outputFileListPaths = (
			);
			outputPaths = (
				"$(DERIVED_FILE_DIR)/Pods-ios-theater-checkManifestLockResult.txt",
			);
			runOnlyForDeploymentPostprocessing = 0;
			shellPath = /bin/sh;
			shellScript = "diff \"${PODS_PODFILE_DIR_PATH}/Podfile.lock\" \"${PODS_ROOT}/Manifest.lock\" > /dev/null\nif [ $? != 0 ] ; then\n    # print error to STDERR\n    echo \"error: The sandbox is not in sync with the Podfile.lock. Run 'pod install' or update your CocoaPods installation.\" >&2\n    exit 1\nfi\n# This output is used by Xcode 'outputs' to avoid re-running this script phase.\necho \"SUCCESS\" > \"${SCRIPT_OUTPUT_FILE_0}\"\n";
			showEnvVarsInLog = 0;
		};
		6EFB3DBD0C3D5E6E6E95BA76 /* [CP] Embed Pods Frameworks */ = {
			isa = PBXShellScriptBuildPhase;
			buildActionMask = 2147483647;
			files = (
			);
			inputFileListPaths = (
				"${PODS_ROOT}/Target Support Files/Pods-ios-theater/Pods-ios-theater-frameworks-${CONFIGURATION}-input-files.xcfilelist",
			);
			name = "[CP] Embed Pods Frameworks";
			outputFileListPaths = (
				"${PODS_ROOT}/Target Support Files/Pods-ios-theater/Pods-ios-theater-frameworks-${CONFIGURATION}-output-files.xcfilelist",
			);
			runOnlyForDeploymentPostprocessing = 0;
			shellPath = /bin/sh;
			shellScript = "\"${PODS_ROOT}/Target Support Files/Pods-ios-theater/Pods-ios-theater-frameworks.sh\"\n";
			showEnvVarsInLog = 0;
		};
		F8DFB56A23D1C1550088E5C0 /* [CP] Check Pods Manifest.lock */ = {
			isa = PBXShellScriptBuildPhase;
			buildActionMask = 2147483647;
			files = (
			);
			inputFileListPaths = (
			);
			inputPaths = (
				"${PODS_PODFILE_DIR_PATH}/Podfile.lock",
				"${PODS_ROOT}/Manifest.lock",
			);
			name = "[CP] Check Pods Manifest.lock";
			outputFileListPaths = (
			);
			outputPaths = (
				"$(DERIVED_FILE_DIR)/Pods-ios-theater-checkManifestLockResult.txt",
			);
			runOnlyForDeploymentPostprocessing = 0;
			shellPath = /bin/sh;
			shellScript = "diff \"${PODS_PODFILE_DIR_PATH}/Podfile.lock\" \"${PODS_ROOT}/Manifest.lock\" > /dev/null\nif [ $? != 0 ] ; then\n    # print error to STDERR\n    echo \"error: The sandbox is not in sync with the Podfile.lock. Run 'pod install' or update your CocoaPods installation.\" >&2\n    exit 1\nfi\n# This output is used by Xcode 'outputs' to avoid re-running this script phase.\necho \"SUCCESS\" > \"${SCRIPT_OUTPUT_FILE_0}\"\n";
			showEnvVarsInLog = 0;
		};
		F8DFB59423D1C1550088E5C0 /* [CP] Embed Pods Frameworks */ = {
			isa = PBXShellScriptBuildPhase;
			buildActionMask = 2147483647;
			files = (
			);
			inputFileListPaths = (
				"${PODS_ROOT}/Target Support Files/Pods-ios-theater/Pods-ios-theater-frameworks-${CONFIGURATION}-input-files.xcfilelist",
			);
			name = "[CP] Embed Pods Frameworks";
			outputFileListPaths = (
				"${PODS_ROOT}/Target Support Files/Pods-ios-theater/Pods-ios-theater-frameworks-${CONFIGURATION}-output-files.xcfilelist",
			);
			runOnlyForDeploymentPostprocessing = 0;
			shellPath = /bin/sh;
			shellScript = "\"${PODS_ROOT}/Target Support Files/Pods-ios-theater/Pods-ios-theater-frameworks.sh\"\n";
			showEnvVarsInLog = 0;
		};
/* End PBXShellScriptBuildPhase section */

/* Begin PBXSourcesBuildPhase section */
		F834B8B423A8533300DA85D2 /* Sources */ = {
			isa = PBXSourcesBuildPhase;
			buildActionMask = 2147483647;
			files = (
				F87771E923BAF545003FC138 /* MovieDetailsViewController.swift in Sources */,
				F8ED99E323CD9571000B0041 /* CastCell.swift in Sources */,
				F82BA3D823B5D78D0016F0F6 /* HotMoviesCollectionViewDelegate.swift in Sources */,
				F8DFBBE023D8433F0009812C /* CommentTableViewDatasourse.swift in Sources */,
				F834B8C023A8533300DA85D2 /* HomePageViewController.swift in Sources */,
				F82BA3DC23B5F95D0016F0F6 /* HotMoviesViewController.swift in Sources */,
				F80D8C0A23D7E75F00A06B34 /* CommentCell.swift in Sources */,
				F82BA3B823B0C42F0016F0F6 /* Movies.swift in Sources */,
				F87771DE23B9D666003FC138 /* HotMoviesFooter.swift in Sources */,
				F8DFBBE623D84C920009812C /* String+Height.swift in Sources */,
				F87771ED23BDC1D0003FC138 /* MovieInfoViewController.swift in Sources */,
				F82BA3B423B0C0EB0016F0F6 /* MoviesViewModel.swift in Sources */,
				F82BA3DE23B5FDEE0016F0F6 /* MovieTableCell.swift in Sources */,
				F82BA3D423B5D0610016F0F6 /* HomePageViewControllerDelegate.swift in Sources */,
				F82BA3BE23B1E6B90016F0F6 /* MovieCollectionCell.swift in Sources */,
				F82BA3B223B0BB0F0016F0F6 /* NetworkClient.swift in Sources */,
				F82BA3C823B3421E0016F0F6 /* UILabel+RatingStars.swift in Sources */,
				F82BA3A423AA1CCE0016F0F6 /* BannerCell.swift in Sources */,
				F87771F323BDEBE9003FC138 /* MovieInfoCell.swift in Sources */,
				F877720123C46F27003FC138 /* RatingView.m in Sources */,
				F8ED99E123CC16C8000B0041 /* IntroduceLabel.swift in Sources */,
				F8ED99E523CD9BE6000B0041 /* CastCollectionViewDatasourse.swift in Sources */,
				F82BA3C623B1FAC40016F0F6 /* UIImageView+Networking.swift in Sources */,
				F87771EB23BB223F003FC138 /* MovieDetailsViewModel.swift in Sources */,
				F82BA3BA23B0C54A0016F0F6 /* Rating.swift in Sources */,
				F82BA3D623B5D4AD0016F0F6 /* HotMoviesCollectionViewDatasourse.swift in Sources */,
				F834B8BC23A8533300DA85D2 /* AppDelegate.swift in Sources */,
				F834B8BE23A8533300DA85D2 /* SceneDelegate.swift in Sources */,
				F82BA3D223B5B0820016F0F6 /* BannerCollectionViewDelegate.swift in Sources */,
				F81FECA823CEA5030000E3E9 /* CastCollectionViewDelegate.swift in Sources */,
				F8ED99DF23C81D0D000B0041 /* String+LinesArray.swift in Sources */,
				F82BA3D023B5AE1E0016F0F6 /* BannerCollectionViewDatasourse.swift in Sources */,
			);
			runOnlyForDeploymentPostprocessing = 0;
		};
		F8DFB56B23D1C1550088E5C0 /* Sources */ = {
			isa = PBXSourcesBuildPhase;
			buildActionMask = 2147483647;
			files = (
				F8DFB56C23D1C1550088E5C0 /* MovieDetailsViewController.swift in Sources */,
				F8DFB56D23D1C1550088E5C0 /* CastCell.swift in Sources */,
				F8DFBBE323D8449D0009812C /* CommentTableViewDatasourse.swift in Sources */,
				F8DFB56E23D1C1550088E5C0 /* HotMoviesCollectionViewDelegate.swift in Sources */,
				F8DFB56F23D1C1550088E5C0 /* HomePageViewController.swift in Sources */,
				F8DFB57023D1C1550088E5C0 /* HotMoviesViewController.swift in Sources */,
				F80D8C0B23D7E75F00A06B34 /* CommentCell.swift in Sources */,
				F8DFB57123D1C1550088E5C0 /* Movies.swift in Sources */,
				F8DFB57223D1C1550088E5C0 /* HotMoviesFooter.swift in Sources */,
				F8DFBBE723D84C960009812C /* String+Height.swift in Sources */,
				F8DFB57323D1C1550088E5C0 /* MovieInfoViewController.swift in Sources */,
				F8DFB57423D1C1550088E5C0 /* MoviesViewModel.swift in Sources */,
				F8DFB57523D1C1550088E5C0 /* MovieTableCell.swift in Sources */,
				F8DFB57623D1C1550088E5C0 /* HomePageViewControllerDelegate.swift in Sources */,
				F8DFB57723D1C1550088E5C0 /* MovieCollectionCell.swift in Sources */,
				F8DFB57823D1C1550088E5C0 /* NetworkClient.swift in Sources */,
				F8DFB57923D1C1550088E5C0 /* UILabel+RatingStars.swift in Sources */,
				F8DFB57A23D1C1550088E5C0 /* BannerCell.swift in Sources */,
				F8DFB57B23D1C1550088E5C0 /* MovieInfoCell.swift in Sources */,
				F8DFB57C23D1C1550088E5C0 /* RatingView.m in Sources */,
				F8DFB57D23D1C1550088E5C0 /* IntroduceLabel.swift in Sources */,
				F8DFB57E23D1C1550088E5C0 /* CastCollectionViewDatasourse.swift in Sources */,
				F8DFB57F23D1C1550088E5C0 /* UIImageView+Networking.swift in Sources */,
				F8DFB58023D1C1550088E5C0 /* MovieDetailsViewModel.swift in Sources */,
				F8DFB58123D1C1550088E5C0 /* Rating.swift in Sources */,
				F8DFB58223D1C1550088E5C0 /* HotMoviesCollectionViewDatasourse.swift in Sources */,
				F8DFB58323D1C1550088E5C0 /* AppDelegate.swift in Sources */,
				F8DFB58423D1C1550088E5C0 /* SceneDelegate.swift in Sources */,
				F8DFB58523D1C1550088E5C0 /* BannerCollectionViewDelegate.swift in Sources */,
				F8DFB58623D1C1550088E5C0 /* CastCollectionViewDelegate.swift in Sources */,
				F8DFB58723D1C1550088E5C0 /* String+LinesArray.swift in Sources */,
				F8DFB58823D1C1550088E5C0 /* BannerCollectionViewDatasourse.swift in Sources */,
			);
			runOnlyForDeploymentPostprocessing = 0;
		};
/* End PBXSourcesBuildPhase section */

/* Begin PBXVariantGroup section */
		F834B8C123A8533300DA85D2 /* Main.storyboard */ = {
			isa = PBXVariantGroup;
			children = (
				F834B8C223A8533300DA85D2 /* Base */,
				F82BA3CB23B48CFA0016F0F6 /* zh-Hans */,
				F82BA3CE23B491F60016F0F6 /* en */,
			);
			name = Main.storyboard;
			sourceTree = "<group>";
		};
		F834B8C623A8533700DA85D2 /* LaunchScreen.storyboard */ = {
			isa = PBXVariantGroup;
			children = (
				F834B8C723A8533700DA85D2 /* Base */,
			);
			name = LaunchScreen.storyboard;
			sourceTree = "<group>";
		};
		F87771E523B9FAAB003FC138 /* Localizable.strings */ = {
			isa = PBXVariantGroup;
			children = (
				F87771E423B9FAAB003FC138 /* en */,
				F87771E623B9FAB0003FC138 /* zh-Hans */,
			);
			name = Localizable.strings;
			sourceTree = "<group>";
		};
		F87771F623BF280C003FC138 /* MovieInfoHeader.xib */ = {
			isa = PBXVariantGroup;
			children = (
				F87771F823BF2818003FC138 /* zh-Hans */,
				F87771F923BF282B003FC138 /* Base */,
				F87771FA23BF285E003FC138 /* en */,
			);
			name = MovieInfoHeader.xib;
			sourceTree = "<group>";
		};
/* End PBXVariantGroup section */

/* Begin XCBuildConfiguration section */
		F834B8CA23A8533700DA85D2 /* Debug */ = {
			isa = XCBuildConfiguration;
			buildSettings = {
				ALWAYS_SEARCH_USER_PATHS = NO;
				CLANG_ANALYZER_LOCALIZABILITY_NONLOCALIZED = YES;
				CLANG_ANALYZER_NONNULL = YES;
				CLANG_ANALYZER_NUMBER_OBJECT_CONVERSION = YES_AGGRESSIVE;
				CLANG_CXX_LANGUAGE_STANDARD = "gnu++14";
				CLANG_CXX_LIBRARY = "libc++";
				CLANG_ENABLE_MODULES = YES;
				CLANG_ENABLE_OBJC_ARC = YES;
				CLANG_ENABLE_OBJC_WEAK = YES;
				CLANG_WARN_BLOCK_CAPTURE_AUTORELEASING = YES;
				CLANG_WARN_BOOL_CONVERSION = YES;
				CLANG_WARN_COMMA = YES;
				CLANG_WARN_CONSTANT_CONVERSION = YES;
				CLANG_WARN_DEPRECATED_OBJC_IMPLEMENTATIONS = YES;
				CLANG_WARN_DIRECT_OBJC_ISA_USAGE = YES_ERROR;
				CLANG_WARN_DOCUMENTATION_COMMENTS = YES;
				CLANG_WARN_EMPTY_BODY = YES;
				CLANG_WARN_ENUM_CONVERSION = YES;
				CLANG_WARN_INFINITE_RECURSION = YES;
				CLANG_WARN_INT_CONVERSION = YES;
				CLANG_WARN_NON_LITERAL_NULL_CONVERSION = YES;
				CLANG_WARN_OBJC_IMPLICIT_RETAIN_SELF = YES;
				CLANG_WARN_OBJC_LITERAL_CONVERSION = YES;
				CLANG_WARN_OBJC_ROOT_CLASS = YES_ERROR;
				CLANG_WARN_RANGE_LOOP_ANALYSIS = YES;
				CLANG_WARN_STRICT_PROTOTYPES = YES;
				CLANG_WARN_SUSPICIOUS_MOVE = YES;
				CLANG_WARN_UNGUARDED_AVAILABILITY = YES_AGGRESSIVE;
				CLANG_WARN_UNREACHABLE_CODE = YES;
				CLANG_WARN__DUPLICATE_METHOD_MATCH = YES;
				COPY_PHASE_STRIP = NO;
				DEBUG_INFORMATION_FORMAT = dwarf;
				ENABLE_STRICT_OBJC_MSGSEND = YES;
				ENABLE_TESTABILITY = YES;
				GCC_C_LANGUAGE_STANDARD = gnu11;
				GCC_DYNAMIC_NO_PIC = NO;
				GCC_NO_COMMON_BLOCKS = YES;
				GCC_OPTIMIZATION_LEVEL = 0;
				GCC_PREPROCESSOR_DEFINITIONS = (
					"DEBUG=1",
					"$(inherited)",
				);
				GCC_WARN_64_TO_32_BIT_CONVERSION = YES;
				GCC_WARN_ABOUT_RETURN_TYPE = YES_ERROR;
				GCC_WARN_UNDECLARED_SELECTOR = YES;
				GCC_WARN_UNINITIALIZED_AUTOS = YES_AGGRESSIVE;
				GCC_WARN_UNUSED_FUNCTION = YES;
				GCC_WARN_UNUSED_VARIABLE = YES;
				IPHONEOS_DEPLOYMENT_TARGET = 13.2;
				MTL_ENABLE_DEBUG_INFO = INCLUDE_SOURCE;
				MTL_FAST_MATH = YES;
				ONLY_ACTIVE_ARCH = YES;
				SDKROOT = iphoneos;
				SWIFT_ACTIVE_COMPILATION_CONDITIONS = DEBUG;
				SWIFT_OPTIMIZATION_LEVEL = "-Onone";
			};
			name = Debug;
		};
		F834B8CB23A8533700DA85D2 /* Release */ = {
			isa = XCBuildConfiguration;
			buildSettings = {
				ALWAYS_SEARCH_USER_PATHS = NO;
				CLANG_ANALYZER_LOCALIZABILITY_NONLOCALIZED = YES;
				CLANG_ANALYZER_NONNULL = YES;
				CLANG_ANALYZER_NUMBER_OBJECT_CONVERSION = YES_AGGRESSIVE;
				CLANG_CXX_LANGUAGE_STANDARD = "gnu++14";
				CLANG_CXX_LIBRARY = "libc++";
				CLANG_ENABLE_MODULES = YES;
				CLANG_ENABLE_OBJC_ARC = YES;
				CLANG_ENABLE_OBJC_WEAK = YES;
				CLANG_WARN_BLOCK_CAPTURE_AUTORELEASING = YES;
				CLANG_WARN_BOOL_CONVERSION = YES;
				CLANG_WARN_COMMA = YES;
				CLANG_WARN_CONSTANT_CONVERSION = YES;
				CLANG_WARN_DEPRECATED_OBJC_IMPLEMENTATIONS = YES;
				CLANG_WARN_DIRECT_OBJC_ISA_USAGE = YES_ERROR;
				CLANG_WARN_DOCUMENTATION_COMMENTS = YES;
				CLANG_WARN_EMPTY_BODY = YES;
				CLANG_WARN_ENUM_CONVERSION = YES;
				CLANG_WARN_INFINITE_RECURSION = YES;
				CLANG_WARN_INT_CONVERSION = YES;
				CLANG_WARN_NON_LITERAL_NULL_CONVERSION = YES;
				CLANG_WARN_OBJC_IMPLICIT_RETAIN_SELF = YES;
				CLANG_WARN_OBJC_LITERAL_CONVERSION = YES;
				CLANG_WARN_OBJC_ROOT_CLASS = YES_ERROR;
				CLANG_WARN_RANGE_LOOP_ANALYSIS = YES;
				CLANG_WARN_STRICT_PROTOTYPES = YES;
				CLANG_WARN_SUSPICIOUS_MOVE = YES;
				CLANG_WARN_UNGUARDED_AVAILABILITY = YES_AGGRESSIVE;
				CLANG_WARN_UNREACHABLE_CODE = YES;
				CLANG_WARN__DUPLICATE_METHOD_MATCH = YES;
				COPY_PHASE_STRIP = NO;
				DEBUG_INFORMATION_FORMAT = "dwarf-with-dsym";
				ENABLE_NS_ASSERTIONS = NO;
				ENABLE_STRICT_OBJC_MSGSEND = YES;
				GCC_C_LANGUAGE_STANDARD = gnu11;
				GCC_NO_COMMON_BLOCKS = YES;
				GCC_WARN_64_TO_32_BIT_CONVERSION = YES;
				GCC_WARN_ABOUT_RETURN_TYPE = YES_ERROR;
				GCC_WARN_UNDECLARED_SELECTOR = YES;
				GCC_WARN_UNINITIALIZED_AUTOS = YES_AGGRESSIVE;
				GCC_WARN_UNUSED_FUNCTION = YES;
				GCC_WARN_UNUSED_VARIABLE = YES;
				IPHONEOS_DEPLOYMENT_TARGET = 13.2;
				MTL_ENABLE_DEBUG_INFO = NO;
				MTL_FAST_MATH = YES;
				SDKROOT = iphoneos;
				SWIFT_COMPILATION_MODE = wholemodule;
				SWIFT_OPTIMIZATION_LEVEL = "-O";
				VALIDATE_PRODUCT = YES;
			};
			name = Release;
		};
		F834B8CD23A8533700DA85D2 /* Debug */ = {
			isa = XCBuildConfiguration;
			baseConfigurationReference = 7F359972AD4DFC5825FBAE5B /* Pods-ios-theater.debug.xcconfig */;
			buildSettings = {
				ASSETCATALOG_COMPILER_APPICON_NAME = AppIcon;
				CLANG_ENABLE_MODULES = YES;
				CODE_SIGN_STYLE = Automatic;
				DEVELOPMENT_TEAM = P5Y234NJ9H;
				GCC_PREPROCESSOR_DEFINITIONS = (
					"$(inherited)",
					"INTERNAL_TARGET=0",
				);
				INFOPLIST_FILE = "ios-theater/Info.plist";
				LD_RUNPATH_SEARCH_PATHS = (
					"$(inherited)",
					"@executable_path/Frameworks",
				);
				PRODUCT_BUNDLE_IDENTIFIER = "practice.ios-theater";
				PRODUCT_NAME = "$(TARGET_NAME)";
				SWIFT_OBJC_BRIDGING_HEADER = "ios-theater/ios-theater-Bridging-Header.h";
				SWIFT_OPTIMIZATION_LEVEL = "-Onone";
				SWIFT_VERSION = 5.0;
				TARGETED_DEVICE_FAMILY = "1,2";
			};
			name = Debug;
		};
		F834B8CE23A8533700DA85D2 /* Release */ = {
			isa = XCBuildConfiguration;
			baseConfigurationReference = 052243F56C7D6A5E4ED9BCCD /* Pods-ios-theater.release.xcconfig */;
			buildSettings = {
				ASSETCATALOG_COMPILER_APPICON_NAME = AppIcon;
				CLANG_ENABLE_MODULES = YES;
				CODE_SIGN_STYLE = Automatic;
				DEVELOPMENT_TEAM = P5Y234NJ9H;
				GCC_PREPROCESSOR_DEFINITIONS = (
					"$(inherited)",
					"INTERNAL_TARGET=0",
				);
				INFOPLIST_FILE = "ios-theater/Info.plist";
				LD_RUNPATH_SEARCH_PATHS = (
					"$(inherited)",
					"@executable_path/Frameworks",
				);
				PRODUCT_BUNDLE_IDENTIFIER = "practice.ios-theater";
				PRODUCT_NAME = "$(TARGET_NAME)";
				SWIFT_OBJC_BRIDGING_HEADER = "ios-theater/ios-theater-Bridging-Header.h";
				SWIFT_VERSION = 5.0;
				TARGETED_DEVICE_FAMILY = "1,2";
			};
			name = Release;
		};
		F8DFB59623D1C1550088E5C0 /* Debug */ = {
			isa = XCBuildConfiguration;
			baseConfigurationReference = 7F359972AD4DFC5825FBAE5B /* Pods-ios-theater.debug.xcconfig */;
			buildSettings = {
				ASSETCATALOG_COMPILER_APPICON_NAME = AppIconInternal;
				CLANG_ENABLE_MODULES = YES;
				CODE_SIGN_STYLE = Automatic;
				DEVELOPMENT_TEAM = P5Y234NJ9H;
				GCC_PREPROCESSOR_DEFINITIONS = (
					"$(inherited)",
					"INTERNAL_TARGET=1",
				);
				INFOPLIST_FILE = "ios-theater/Info.plist";
				LD_RUNPATH_SEARCH_PATHS = (
					"$(inherited)",
					"@executable_path/Frameworks",
				);
				PRODUCT_BUNDLE_IDENTIFIER = "practice.ios-theater.internal";
				PRODUCT_NAME = "$(TARGET_NAME)";
				SWIFT_OBJC_BRIDGING_HEADER = "ios-theater/ios-theater-Bridging-Header.h";
				SWIFT_OPTIMIZATION_LEVEL = "-Onone";
				SWIFT_VERSION = 5.0;
				TARGETED_DEVICE_FAMILY = "1,2";
			};
			name = Debug;
		};
		F8DFB59723D1C1550088E5C0 /* Release */ = {
			isa = XCBuildConfiguration;
			baseConfigurationReference = 052243F56C7D6A5E4ED9BCCD /* Pods-ios-theater.release.xcconfig */;
			buildSettings = {
				ASSETCATALOG_COMPILER_APPICON_NAME = AppIconInternal;
				CLANG_ENABLE_MODULES = YES;
				CODE_SIGN_STYLE = Automatic;
				DEVELOPMENT_TEAM = P5Y234NJ9H;
				GCC_PREPROCESSOR_DEFINITIONS = (
					"$(inherited)",
					"INTERNAL_TARGET=1",
				);
				INFOPLIST_FILE = "ios-theater/Info.plist";
				LD_RUNPATH_SEARCH_PATHS = (
					"$(inherited)",
					"@executable_path/Frameworks",
				);
				PRODUCT_BUNDLE_IDENTIFIER = "practice.ios-theater.internal";
				PRODUCT_NAME = "$(TARGET_NAME)";
				SWIFT_OBJC_BRIDGING_HEADER = "ios-theater/ios-theater-Bridging-Header.h";
				SWIFT_VERSION = 5.0;
				TARGETED_DEVICE_FAMILY = "1,2";
			};
			name = Release;
		};
/* End XCBuildConfiguration section */

/* Begin XCConfigurationList section */
		F834B8B323A8533300DA85D2 /* Build configuration list for PBXProject "ios-theater" */ = {
			isa = XCConfigurationList;
			buildConfigurations = (
				F834B8CA23A8533700DA85D2 /* Debug */,
				F834B8CB23A8533700DA85D2 /* Release */,
			);
			defaultConfigurationIsVisible = 0;
			defaultConfigurationName = Release;
		};
		F834B8CC23A8533700DA85D2 /* Build configuration list for PBXNativeTarget "ios-theater" */ = {
			isa = XCConfigurationList;
			buildConfigurations = (
				F834B8CD23A8533700DA85D2 /* Debug */,
				F834B8CE23A8533700DA85D2 /* Release */,
			);
			defaultConfigurationIsVisible = 0;
			defaultConfigurationName = Release;
		};
		F8DFB59523D1C1550088E5C0 /* Build configuration list for PBXNativeTarget "ios-theater-internal" */ = {
			isa = XCConfigurationList;
			buildConfigurations = (
				F8DFB59623D1C1550088E5C0 /* Debug */,
				F8DFB59723D1C1550088E5C0 /* Release */,
			);
			defaultConfigurationIsVisible = 0;
			defaultConfigurationName = Release;
		};
/* End XCConfigurationList section */
	};
	rootObject = F834B8B023A8533300DA85D2 /* Project object */;
}
