// !$*UTF8*$!
{
	archiveVersion = 1;
	classes = {
	};
	objectVersion = 50;
	objects = {

/* Begin PBXBuildFile section */
		B77FBC90471E437AF02A56CC /* Pods_ios_theater.framework in Frameworks */ = {isa = PBXBuildFile; fileRef = 138C0A9E5351E7A985DF3712 /* Pods_ios_theater.framework */; };
		F834B8BC23A8533300DA85D2 /* AppDelegate.swift in Sources */ = {isa = PBXBuildFile; fileRef = F834B8BB23A8533300DA85D2 /* AppDelegate.swift */; };
		F834B8BE23A8533300DA85D2 /* SceneDelegate.swift in Sources */ = {isa = PBXBuildFile; fileRef = F834B8BD23A8533300DA85D2 /* SceneDelegate.swift */; };
		F834B8C023A8533300DA85D2 /* ViewController.swift in Sources */ = {isa = PBXBuildFile; fileRef = F834B8BF23A8533300DA85D2 /* ViewController.swift */; };
		F834B8C323A8533300DA85D2 /* Main.storyboard in Resources */ = {isa = PBXBuildFile; fileRef = F834B8C123A8533300DA85D2 /* Main.storyboard */; };
		F834B8C523A8533700DA85D2 /* Assets.xcassets in Resources */ = {isa = PBXBuildFile; fileRef = F834B8C423A8533700DA85D2 /* Assets.xcassets */; };
		F834B8C823A8533700DA85D2 /* LaunchScreen.storyboard in Resources */ = {isa = PBXBuildFile; fileRef = F834B8C623A8533700DA85D2 /* LaunchScreen.storyboard */; };
/* End PBXBuildFile section */

/* Begin PBXFileReference section */
		052243F56C7D6A5E4ED9BCCD /* Pods-ios-theater.release.xcconfig */ = {isa = PBXFileReference; includeInIndex = 1; lastKnownFileType = text.xcconfig; name = "Pods-ios-theater.release.xcconfig"; path = "Target Support Files/Pods-ios-theater/Pods-ios-theater.release.xcconfig"; sourceTree = "<group>"; };
		138C0A9E5351E7A985DF3712 /* Pods_ios_theater.framework */ = {isa = PBXFileReference; explicitFileType = wrapper.framework; includeInIndex = 0; path = Pods_ios_theater.framework; sourceTree = BUILT_PRODUCTS_DIR; };
		7F359972AD4DFC5825FBAE5B /* Pods-ios-theater.debug.xcconfig */ = {isa = PBXFileReference; includeInIndex = 1; lastKnownFileType = text.xcconfig; name = "Pods-ios-theater.debug.xcconfig"; path = "Target Support Files/Pods-ios-theater/Pods-ios-theater.debug.xcconfig"; sourceTree = "<group>"; };
		F834B8B823A8533300DA85D2 /* ios-theater.app */ = {isa = PBXFileReference; explicitFileType = wrapper.application; includeInIndex = 0; path = "ios-theater.app"; sourceTree = BUILT_PRODUCTS_DIR; };
		F834B8BB23A8533300DA85D2 /* AppDelegate.swift */ = {isa = PBXFileReference; lastKnownFileType = sourcecode.swift; path = AppDelegate.swift; sourceTree = "<group>"; };
		F834B8BD23A8533300DA85D2 /* SceneDelegate.swift */ = {isa = PBXFileReference; lastKnownFileType = sourcecode.swift; path = SceneDelegate.swift; sourceTree = "<group>"; };
		F834B8BF23A8533300DA85D2 /* ViewController.swift */ = {isa = PBXFileReference; lastKnownFileType = sourcecode.swift; path = ViewController.swift; sourceTree = "<group>"; };
		F834B8C223A8533300DA85D2 /* Base */ = {isa = PBXFileReference; lastKnownFileType = file.storyboard; name = Base; path = Base.lproj/Main.storyboard; sourceTree = "<group>"; };
		F834B8C423A8533700DA85D2 /* Assets.xcassets */ = {isa = PBXFileReference; lastKnownFileType = folder.assetcatalog; path = Assets.xcassets; sourceTree = "<group>"; };
		F834B8C723A8533700DA85D2 /* Base */ = {isa = PBXFileReference; lastKnownFileType = file.storyboard; name = Base; path = Base.lproj/LaunchScreen.storyboard; sourceTree = "<group>"; };
		F834B8C923A8533700DA85D2 /* Info.plist */ = {isa = PBXFileReference; lastKnownFileType = text.plist.xml; path = Info.plist; sourceTree = "<group>"; };
/* End PBXFileReference section */

/* Begin PBXFrameworksBuildPhase section */
		F834B8B523A8533300DA85D2 /* Frameworks */ = {
			isa = PBXFrameworksBuildPhase;
			buildActionMask = 2147483647;
			files = (
				B77FBC90471E437AF02A56CC /* Pods_ios_theater.framework in Frameworks */,
			);
			runOnlyForDeploymentPostprocessing = 0;
		};
/* End PBXFrameworksBuildPhase section */

/* Begin PBXGroup section */
		3419CB9F718944D087996CB6 /* Frameworks */ = {
			isa = PBXGroup;
			children = (
				138C0A9E5351E7A985DF3712 /* Pods_ios_theater.framework */,
			);
			name = Frameworks;
			sourceTree = "<group>";
		};
		5D367B291AD5D2AB65910B18 /* Pods */ = {
			isa = PBXGroup;
			children = (
				7F359972AD4DFC5825FBAE5B /* Pods-ios-theater.debug.xcconfig */,
				052243F56C7D6A5E4ED9BCCD /* Pods-ios-theater.release.xcconfig */,
			);
			name = Pods;
			path = Pods;
			sourceTree = "<group>";
		};
		F834B8AF23A8533300DA85D2 = {
			isa = PBXGroup;
			children = (
				F834B8BA23A8533300DA85D2 /* ios-theater */,
				F834B8B923A8533300DA85D2 /* Products */,
				5D367B291AD5D2AB65910B18 /* Pods */,
				3419CB9F718944D087996CB6 /* Frameworks */,
			);
			sourceTree = "<group>";
		};
		F834B8B923A8533300DA85D2 /* Products */ = {
			isa = PBXGroup;
			children = (
				F834B8B823A8533300DA85D2 /* ios-theater.app */,
			);
			name = Products;
			sourceTree = "<group>";
		};
		F834B8BA23A8533300DA85D2 /* ios-theater */ = {
			isa = PBXGroup;
			children = (
				F834B8BB23A8533300DA85D2 /* AppDelegate.swift */,
				F834B8BD23A8533300DA85D2 /* SceneDelegate.swift */,
				F834B8BF23A8533300DA85D2 /* ViewController.swift */,
				F834B8C123A8533300DA85D2 /* Main.storyboard */,
				F834B8C423A8533700DA85D2 /* Assets.xcassets */,
				F834B8C623A8533700DA85D2 /* LaunchScreen.storyboard */,
				F834B8C923A8533700DA85D2 /* Info.plist */,
			);
			path = "ios-theater";
			sourceTree = "<group>";
		};
/* End PBXGroup section */

/* Begin PBXNativeTarget section */
		F834B8B723A8533300DA85D2 /* ios-theater */ = {
			isa = PBXNativeTarget;
			buildConfigurationList = F834B8CC23A8533700DA85D2 /* Build configuration list for PBXNativeTarget "ios-theater" */;
			buildPhases = (
				48EB8C8DDDC6207A62F782AC /* [CP] Check Pods Manifest.lock */,
				F834B8B423A8533300DA85D2 /* Sources */,
				F834B8B523A8533300DA85D2 /* Frameworks */,
				F834B8B623A8533300DA85D2 /* Resources */,
				6EFB3DBD0C3D5E6E6E95BA76 /* [CP] Embed Pods Frameworks */,
			);
			buildRules = (
			);
			dependencies = (
			);
			name = "ios-theater";
			productName = "ios-theater";
			productReference = F834B8B823A8533300DA85D2 /* ios-theater.app */;
			productType = "com.apple.product-type.application";
		};
/* End PBXNativeTarget section */

/* Begin PBXProject section */
		F834B8B023A8533300DA85D2 /* Project object */ = {
			isa = PBXProject;
			attributes = {
				LastSwiftUpdateCheck = 1120;
				LastUpgradeCheck = 1120;
				ORGANIZATIONNAME = "Linxiao Wei";
				TargetAttributes = {
					F834B8B723A8533300DA85D2 = {
						CreatedOnToolsVersion = 11.2.1;
					};
				};
			};
			buildConfigurationList = F834B8B323A8533300DA85D2 /* Build configuration list for PBXProject "ios-theater" */;
			compatibilityVersion = "Xcode 9.3";
			developmentRegion = en;
			hasScannedForEncodings = 0;
			knownRegions = (
				en,
				Base,
			);
			mainGroup = F834B8AF23A8533300DA85D2;
			productRefGroup = F834B8B923A8533300DA85D2 /* Products */;
			projectDirPath = "";
			projectRoot = "";
			targets = (
				F834B8B723A8533300DA85D2 /* ios-theater */,
			);
		};
/* End PBXProject section */

/* Begin PBXResourcesBuildPhase section */
		F834B8B623A8533300DA85D2 /* Resources */ = {
			isa = PBXResourcesBuildPhase;
			buildActionMask = 2147483647;
			files = (
				F834B8C823A8533700DA85D2 /* LaunchScreen.storyboard in Resources */,
				F834B8C523A8533700DA85D2 /* Assets.xcassets in Resources */,
				F834B8C323A8533300DA85D2 /* Main.storyboard in Resources */,
			);
			runOnlyForDeploymentPostprocessing = 0;
		};
/* End PBXResourcesBuildPhase section */

/* Begin PBXShellScriptBuildPhase section */
		48EB8C8DDDC6207A62F782AC /* [CP] Check Pods Manifest.lock */ = {
			isa = PBXShellScriptBuildPhase;
			buildActionMask = 2147483647;
			files = (
			);
			inputFileListPaths = (
			);
			inputPaths = (
				"${PODS_PODFILE_DIR_PATH}/Podfile.lock",
				"${PODS_ROOT}/Manifest.lock",
			);
			name = "[CP] Check Pods Manifest.lock";
			outputFileListPaths = (
			);
			outputPaths = (
				"$(DERIVED_FILE_DIR)/Pods-ios-theater-checkManifestLockResult.txt",
			);
			runOnlyForDeploymentPostprocessing = 0;
			shellPath = /bin/sh;
			shellScript = "diff \"${PODS_PODFILE_DIR_PATH}/Podfile.lock\" \"${PODS_ROOT}/Manifest.lock\" > /dev/null\nif [ $? != 0 ] ; then\n    # print error to STDERR\n    echo \"error: The sandbox is not in sync with the Podfile.lock. Run 'pod install' or update your CocoaPods installation.\" >&2\n    exit 1\nfi\n# This output is used by Xcode 'outputs' to avoid re-running this script phase.\necho \"SUCCESS\" > \"${SCRIPT_OUTPUT_FILE_0}\"\n";
			showEnvVarsInLog = 0;
		};
		6EFB3DBD0C3D5E6E6E95BA76 /* [CP] Embed Pods Frameworks */ = {
			isa = PBXShellScriptBuildPhase;
			buildActionMask = 2147483647;
			files = (
			);
			inputFileListPaths = (
				"${PODS_ROOT}/Target Support Files/Pods-ios-theater/Pods-ios-theater-frameworks-${CONFIGURATION}-input-files.xcfilelist",
			);
			name = "[CP] Embed Pods Frameworks";
			outputFileListPaths = (
				"${PODS_ROOT}/Target Support Files/Pods-ios-theater/Pods-ios-theater-frameworks-${CONFIGURATION}-output-files.xcfilelist",
			);
			runOnlyForDeploymentPostprocessing = 0;
			shellPath = /bin/sh;
			shellScript = "\"${PODS_ROOT}/Target Support Files/Pods-ios-theater/Pods-ios-theater-frameworks.sh\"\n";
			showEnvVarsInLog = 0;
		};
/* End PBXShellScriptBuildPhase section */

/* Begin PBXSourcesBuildPhase section */
		F834B8B423A8533300DA85D2 /* Sources */ = {
			isa = PBXSourcesBuildPhase;
			buildActionMask = 2147483647;
			files = (
				F834B8C023A8533300DA85D2 /* ViewController.swift in Sources */,
				F834B8BC23A8533300DA85D2 /* AppDelegate.swift in Sources */,
				F834B8BE23A8533300DA85D2 /* SceneDelegate.swift in Sources */,
			);
			runOnlyForDeploymentPostprocessing = 0;
		};
/* End PBXSourcesBuildPhase section */

/* Begin PBXVariantGroup section */
		F834B8C123A8533300DA85D2 /* Main.storyboard */ = {
			isa = PBXVariantGroup;
			children = (
				F834B8C223A8533300DA85D2 /* Base */,
			);
			name = Main.storyboard;
			sourceTree = "<group>";
		};
		F834B8C623A8533700DA85D2 /* LaunchScreen.storyboard */ = {
			isa = PBXVariantGroup;
			children = (
				F834B8C723A8533700DA85D2 /* Base */,
			);
			name = LaunchScreen.storyboard;
			sourceTree = "<group>";
		};
/* End PBXVariantGroup section */

/* Begin XCBuildConfiguration section */
		F834B8CA23A8533700DA85D2 /* Debug */ = {
			isa = XCBuildConfiguration;
			buildSettings = {
				ALWAYS_SEARCH_USER_PATHS = NO;
				CLANG_ANALYZER_NONNULL = YES;
				CLANG_ANALYZER_NUMBER_OBJECT_CONVERSION = YES_AGGRESSIVE;
				CLANG_CXX_LANGUAGE_STANDARD = "gnu++14";
				CLANG_CXX_LIBRARY = "libc++";
				CLANG_ENABLE_MODULES = YES;
				CLANG_ENABLE_OBJC_ARC = YES;
				CLANG_ENABLE_OBJC_WEAK = YES;
				CLANG_WARN_BLOCK_CAPTURE_AUTORELEASING = YES;
				CLANG_WARN_BOOL_CONVERSION = YES;
				CLANG_WARN_COMMA = YES;
				CLANG_WARN_CONSTANT_CONVERSION = YES;
				CLANG_WARN_DEPRECATED_OBJC_IMPLEMENTATIONS = YES;
				CLANG_WARN_DIRECT_OBJC_ISA_USAGE = YES_ERROR;
				CLANG_WARN_DOCUMENTATION_COMMENTS = YES;
				CLANG_WARN_EMPTY_BODY = YES;
				CLANG_WARN_ENUM_CONVERSION = YES;
				CLANG_WARN_INFINITE_RECURSION = YES;
				CLANG_WARN_INT_CONVERSION = YES;
				CLANG_WARN_NON_LITERAL_NULL_CONVERSION = YES;
				CLANG_WARN_OBJC_IMPLICIT_RETAIN_SELF = YES;
				CLANG_WARN_OBJC_LITERAL_CONVERSION = YES;
				CLANG_WARN_OBJC_ROOT_CLASS = YES_ERROR;
				CLANG_WARN_RANGE_LOOP_ANALYSIS = YES;
				CLANG_WARN_STRICT_PROTOTYPES = YES;
				CLANG_WARN_SUSPICIOUS_MOVE = YES;
				CLANG_WARN_UNGUARDED_AVAILABILITY = YES_AGGRESSIVE;
				CLANG_WARN_UNREACHABLE_CODE = YES;
				CLANG_WARN__DUPLICATE_METHOD_MATCH = YES;
				COPY_PHASE_STRIP = NO;
				DEBUG_INFORMATION_FORMAT = dwarf;
				ENABLE_STRICT_OBJC_MSGSEND = YES;
				ENABLE_TESTABILITY = YES;
				GCC_C_LANGUAGE_STANDARD = gnu11;
				GCC_DYNAMIC_NO_PIC = NO;
				GCC_NO_COMMON_BLOCKS = YES;
				GCC_OPTIMIZATION_LEVEL = 0;
				GCC_PREPROCESSOR_DEFINITIONS = (
					"DEBUG=1",
					"$(inherited)",
				);
				GCC_WARN_64_TO_32_BIT_CONVERSION = YES;
				GCC_WARN_ABOUT_RETURN_TYPE = YES_ERROR;
				GCC_WARN_UNDECLARED_SELECTOR = YES;
				GCC_WARN_UNINITIALIZED_AUTOS = YES_AGGRESSIVE;
				GCC_WARN_UNUSED_FUNCTION = YES;
				GCC_WARN_UNUSED_VARIABLE = YES;
				IPHONEOS_DEPLOYMENT_TARGET = 13.2;
				MTL_ENABLE_DEBUG_INFO = INCLUDE_SOURCE;
				MTL_FAST_MATH = YES;
				ONLY_ACTIVE_ARCH = YES;
				SDKROOT = iphoneos;
				SWIFT_ACTIVE_COMPILATION_CONDITIONS = DEBUG;
				SWIFT_OPTIMIZATION_LEVEL = "-Onone";
			};
			name = Debug;
		};
		F834B8CB23A8533700DA85D2 /* Release */ = {
			isa = XCBuildConfiguration;
			buildSettings = {
				ALWAYS_SEARCH_USER_PATHS = NO;
				CLANG_ANALYZER_NONNULL = YES;
				CLANG_ANALYZER_NUMBER_OBJECT_CONVERSION = YES_AGGRESSIVE;
				CLANG_CXX_LANGUAGE_STANDARD = "gnu++14";
				CLANG_CXX_LIBRARY = "libc++";
				CLANG_ENABLE_MODULES = YES;
				CLANG_ENABLE_OBJC_ARC = YES;
				CLANG_ENABLE_OBJC_WEAK = YES;
				CLANG_WARN_BLOCK_CAPTURE_AUTORELEASING = YES;
				CLANG_WARN_BOOL_CONVERSION = YES;
				CLANG_WARN_COMMA = YES;
				CLANG_WARN_CONSTANT_CONVERSION = YES;
				CLANG_WARN_DEPRECATED_OBJC_IMPLEMENTATIONS = YES;
				CLANG_WARN_DIRECT_OBJC_ISA_USAGE = YES_ERROR;
				CLANG_WARN_DOCUMENTATION_COMMENTS = YES;
				CLANG_WARN_EMPTY_BODY = YES;
				CLANG_WARN_ENUM_CONVERSION = YES;
				CLANG_WARN_INFINITE_RECURSION = YES;
				CLANG_WARN_INT_CONVERSION = YES;
				CLANG_WARN_NON_LITERAL_NULL_CONVERSION = YES;
				CLANG_WARN_OBJC_IMPLICIT_RETAIN_SELF = YES;
				CLANG_WARN_OBJC_LITERAL_CONVERSION = YES;
				CLANG_WARN_OBJC_ROOT_CLASS = YES_ERROR;
				CLANG_WARN_RANGE_LOOP_ANALYSIS = YES;
				CLANG_WARN_STRICT_PROTOTYPES = YES;
				CLANG_WARN_SUSPICIOUS_MOVE = YES;
				CLANG_WARN_UNGUARDED_AVAILABILITY = YES_AGGRESSIVE;
				CLANG_WARN_UNREACHABLE_CODE = YES;
				CLANG_WARN__DUPLICATE_METHOD_MATCH = YES;
				COPY_PHASE_STRIP = NO;
				DEBUG_INFORMATION_FORMAT = "dwarf-with-dsym";
				ENABLE_NS_ASSERTIONS = NO;
				ENABLE_STRICT_OBJC_MSGSEND = YES;
				GCC_C_LANGUAGE_STANDARD = gnu11;
				GCC_NO_COMMON_BLOCKS = YES;
				GCC_WARN_64_TO_32_BIT_CONVERSION = YES;
				GCC_WARN_ABOUT_RETURN_TYPE = YES_ERROR;
				GCC_WARN_UNDECLARED_SELECTOR = YES;
				GCC_WARN_UNINITIALIZED_AUTOS = YES_AGGRESSIVE;
				GCC_WARN_UNUSED_FUNCTION = YES;
				GCC_WARN_UNUSED_VARIABLE = YES;
				IPHONEOS_DEPLOYMENT_TARGET = 13.2;
				MTL_ENABLE_DEBUG_INFO = NO;
				MTL_FAST_MATH = YES;
				SDKROOT = iphoneos;
				SWIFT_COMPILATION_MODE = wholemodule;
				SWIFT_OPTIMIZATION_LEVEL = "-O";
				VALIDATE_PRODUCT = YES;
			};
			name = Release;
		};
		F834B8CD23A8533700DA85D2 /* Debug */ = {
			isa = XCBuildConfiguration;
			baseConfigurationReference = 7F359972AD4DFC5825FBAE5B /* Pods-ios-theater.debug.xcconfig */;
			buildSettings = {
				ASSETCATALOG_COMPILER_APPICON_NAME = AppIcon;
				CODE_SIGN_STYLE = Automatic;
				DEVELOPMENT_TEAM = P5Y234NJ9H;
				INFOPLIST_FILE = "ios-theater/Info.plist";
				LD_RUNPATH_SEARCH_PATHS = (
					"$(inherited)",
					"@executable_path/Frameworks",
				);
				PRODUCT_BUNDLE_IDENTIFIER = "practice.ios-theater";
				PRODUCT_NAME = "$(TARGET_NAME)";
				SWIFT_VERSION = 5.0;
				TARGETED_DEVICE_FAMILY = "1,2";
			};
			name = Debug;
		};
		F834B8CE23A8533700DA85D2 /* Release */ = {
			isa = XCBuildConfiguration;
			baseConfigurationReference = 052243F56C7D6A5E4ED9BCCD /* Pods-ios-theater.release.xcconfig */;
			buildSettings = {
				ASSETCATALOG_COMPILER_APPICON_NAME = AppIcon;
				CODE_SIGN_STYLE = Automatic;
				DEVELOPMENT_TEAM = P5Y234NJ9H;
				INFOPLIST_FILE = "ios-theater/Info.plist";
				LD_RUNPATH_SEARCH_PATHS = (
					"$(inherited)",
					"@executable_path/Frameworks",
				);
				PRODUCT_BUNDLE_IDENTIFIER = "practice.ios-theater";
				PRODUCT_NAME = "$(TARGET_NAME)";
				SWIFT_VERSION = 5.0;
				TARGETED_DEVICE_FAMILY = "1,2";
			};
			name = Release;
		};
/* End XCBuildConfiguration section */

/* Begin XCConfigurationList section */
		F834B8B323A8533300DA85D2 /* Build configuration list for PBXProject "ios-theater" */ = {
			isa = XCConfigurationList;
			buildConfigurations = (
				F834B8CA23A8533700DA85D2 /* Debug */,
				F834B8CB23A8533700DA85D2 /* Release */,
			);
			defaultConfigurationIsVisible = 0;
			defaultConfigurationName = Release;
		};
		F834B8CC23A8533700DA85D2 /* Build configuration list for PBXNativeTarget "ios-theater" */ = {
			isa = XCConfigurationList;
			buildConfigurations = (
				F834B8CD23A8533700DA85D2 /* Debug */,
				F834B8CE23A8533700DA85D2 /* Release */,
			);
			defaultConfigurationIsVisible = 0;
			defaultConfigurationName = Release;
		};
/* End XCConfigurationList section */
	};
	rootObject = F834B8B023A8533300DA85D2 /* Project object */;
}
